
Microsoft Visual Studio Solution File, Format Version 12.00
# Visual Studio Version 16
VisualStudioVersion = 16.0.31624.102
MinimumVisualStudioVersion = 10.0.40219.1
Project("{FAE04EC0-301F-11D3-BF4B-00C04F79EFBC}") = "GUI_quanlyspa", "GUI_quanlyspa\GUI_quanlyspa.csproj", "{88C97679-3B0F-471D-AB10-8536F98B356E}"
EndProject
Project("{FAE04EC0-301F-11D3-BF4B-00C04F79EFBC}") = "BUS_quanlyspa", "BUS_quanlyspa\BUS_quanlyspa.csproj", "{5B35AC26-93D7-4D6B-9670-00AC58534D08}"
EndProject
Project("{FAE04EC0-301F-11D3-BF4B-00C04F79EFBC}") = "DAL_quanlyspa", "DAL_quanlyspa\DAL_quanlyspa.csproj", "{5BB0E880-D300-44A0-A5EB-9F45E5EFF7C3}"
EndProject
Project("{FAE04EC0-301F-11D3-BF4B-00C04F79EFBC}") = "DTO_quanlyspa", "DTO_quanlyspa\DTO_quanlyspa.csproj", "{8304E0B4-7F32-4D2D-9CAC-E8A012990AFD}"
EndProject
Global
	GlobalSection(SolutionConfigurationPlatforms) = preSolution
		Debug|Any CPU = Debug|Any CPU
		Release|Any CPU = Release|Any CPU
	EndGlobalSection
	GlobalSection(ProjectConfigurationPlatforms) = postSolution
		{88C97679-3B0F-471D-AB10-8536F98B356E}.Debug|Any CPU.ActiveCfg = Debug|Any CPU
		{88C97679-3B0F-471D-AB10-8536F98B356E}.Debug|Any CPU.Build.0 = Debug|Any CPU
		{88C97679-3B0F-471D-AB10-8536F98B356E}.Release|Any CPU.ActiveCfg = Release|Any CPU
		{88C97679-3B0F-471D-AB10-8536F98B356E}.Release|Any CPU.Build.0 = Release|Any CPU
		{5B35AC26-93D7-4D6B-9670-00AC58534D08}.Debug|Any CPU.ActiveCfg = Debug|Any CPU
		{5B35AC26-93D7-4D6B-9670-00AC58534D08}.Debug|Any CPU.Build.0 = Debug|Any CPU
		{5B35AC26-93D7-4D6B-9670-00AC58534D08}.Release|Any CPU.ActiveCfg = Release|Any CPU
		{5B35AC26-93D7-4D6B-9670-00AC58534D08}.Release|Any CPU.Build.0 = Release|Any CPU
		{5BB0E880-D300-44A0-A5EB-9F45E5EFF7C3}.Debug|Any CPU.ActiveCfg = Debug|Any CPU
		{5BB0E880-D300-44A0-A5EB-9F45E5EFF7C3}.Debug|Any CPU.Build.0 = Debug|Any CPU
		{5BB0E880-D300-44A0-A5EB-9F45E5EFF7C3}.Release|Any CPU.ActiveCfg = Release|Any CPU
		{5BB0E880-D300-44A0-A5EB-9F45E5EFF7C3}.Release|Any CPU.Build.0 = Release|Any CPU
		{8304E0B4-7F32-4D2D-9CAC-E8A012990AFD}.Debug|Any CPU.ActiveCfg = Debug|Any CPU
		{8304E0B4-7F32-4D2D-9CAC-E8A012990AFD}.Debug|Any CPU.Build.0 = Debug|Any CPU
		{8304E0B4-7F32-4D2D-9CAC-E8A012990AFD}.Release|Any CPU.ActiveCfg = Release|Any CPU
		{8304E0B4-7F32-4D2D-9CAC-E8A012990AFD}.Release|Any CPU.Build.0 = Release|Any CPU
	EndGlobalSection
	GlobalSection(SolutionProperties) = preSolution
		HideSolutionNode = FALSE
	EndGlobalSection
	GlobalSection(ExtensibilityGlobals) = postSolution
		SolutionGuid = {CC64186B-1230-48F4-B722-B0E5918BB237}
	EndGlobalSection
EndGlobal
